
Microsoft Visual Studio Solution File, Format Version 12.00
# Visual Studio 15
VisualStudioVersion = 15.0.28307.645
MinimumVisualStudioVersion = 10.0.40219.1
Project("{FAE04EC0-301F-11D3-BF4B-00C04F79EFBC}") = "SQAassign2", "ClassLibrary1\SQAassign2.csproj", "{DA764902-4D75-4912-8AC7-873F30CA5527}"
EndProject
Global
	GlobalSection(SolutionConfigurationPlatforms) = preSolution
		Debug|Any CPU = Debug|Any CPU
		Release|Any CPU = Release|Any CPU
	EndGlobalSection
	GlobalSection(ProjectConfigurationPlatforms) = postSolution
		{DA764902-4D75-4912-8AC7-873F30CA5527}.Debug|Any CPU.ActiveCfg = Debug|Any CPU
		{DA764902-4D75-4912-8AC7-873F30CA5527}.Debug|Any CPU.Build.0 = Debug|Any CPU
		{DA764902-4D75-4912-8AC7-873F30CA5527}.Release|Any CPU.ActiveCfg = Release|Any CPU
		{DA764902-4D75-4912-8AC7-873F30CA5527}.Release|Any CPU.Build.0 = Release|Any CPU
	EndGlobalSection
	GlobalSection(SolutionProperties) = preSolution
		HideSolutionNode = FALSE
	EndGlobalSection
	GlobalSection(ExtensibilityGlobals) = postSolution
		SolutionGuid = {4682D8CD-CEF0-4ED9-93C7-9B447393DEDC}
	EndGlobalSection
EndGlobal
